// !$*UTF8*$!
{
	archiveVersion = 1;
	classes = {
	};
	objectVersion = 48;
	objects = {

/* Begin PBXBuildFile section */
		4EF5BCF59F3A8C618B3CFE04 /* libPods-GYTableViewController.a in Frameworks */ = {isa = PBXBuildFile; fileRef = E301B20D533B9F90241B2513 /* libPods-GYTableViewController.a */; };
		A929703D206F2FD50052AF0E /* AppDelegate.m in Sources */ = {isa = PBXBuildFile; fileRef = A929703C206F2FD50052AF0E /* AppDelegate.m */; };
		A9297045206F2FD50052AF0E /* Assets.xcassets in Resources */ = {isa = PBXBuildFile; fileRef = A9297044206F2FD50052AF0E /* Assets.xcassets */; };
		A9297048206F2FD50052AF0E /* LaunchScreen.storyboard in Resources */ = {isa = PBXBuildFile; fileRef = A9297046206F2FD50052AF0E /* LaunchScreen.storyboard */; };
		A929704B206F2FD50052AF0E /* main.m in Sources */ = {isa = PBXBuildFile; fileRef = A929704A206F2FD50052AF0E /* main.m */; };
		A9297054206F31A40052AF0E /* MainViewController.m in Sources */ = {isa = PBXBuildFile; fileRef = A9297052206F31A40052AF0E /* MainViewController.m */; };
		A92970B2206F31CD0052AF0E /* AutoHeightTableViewController.m in Sources */ = {isa = PBXBuildFile; fileRef = A9297057206F31CD0052AF0E /* AutoHeightTableViewController.m */; };
		A92970B3206F31CD0052AF0E /* AutoHeightWeiboCell.m in Sources */ = {isa = PBXBuildFile; fileRef = A9297059206F31CD0052AF0E /* AutoHeightWeiboCell.m */; };
		A92970B4206F31CD0052AF0E /* Config.m in Sources */ = {isa = PBXBuildFile; fileRef = A929705D206F31CD0052AF0E /* Config.m */; };
		A92970B5206F31CD0052AF0E /* RelateExpressViewCell.m in Sources */ = {isa = PBXBuildFile; fileRef = A929705F206F31CD0052AF0E /* RelateExpressViewCell.m */; };
		A92970B6206F31CD0052AF0E /* RelateTableViewController.m in Sources */ = {isa = PBXBuildFile; fileRef = A9297062206F31CD0052AF0E /* RelateTableViewController.m */; };
		A92970B7206F31CD0052AF0E /* UIView+GY.m in Sources */ = {isa = PBXBuildFile; fileRef = A9297064206F31CD0052AF0E /* UIView+GY.m */; };
		A92970B8206F31CD0052AF0E /* UICreationUtils.m in Sources */ = {isa = PBXBuildFile; fileRef = A9297067206F31CD0052AF0E /* UICreationUtils.m */; };
		A92970B9206F31CD0052AF0E /* FrameTableViewController.m in Sources */ = {isa = PBXBuildFile; fileRef = A9297069206F31CD0052AF0E /* FrameTableViewController.m */; };
		A92970BA206F31CD0052AF0E /* DiyRotateRefreshHeader.m in Sources */ = {isa = PBXBuildFile; fileRef = A929706A206F31CD0052AF0E /* DiyRotateRefreshHeader.m */; };
		A92970BB206F31CD0052AF0E /* WebViewController.m in Sources */ = {isa = PBXBuildFile; fileRef = A929706C206F31CD0052AF0E /* WebViewController.m */; };
		A92970BC206F31CD0052AF0E /* FrameDishesViewCell.m in Sources */ = {isa = PBXBuildFile; fileRef = A929706F206F31CD0052AF0E /* FrameDishesViewCell.m */; };
		A92970BD206F31CD0052AF0E /* RefreshFundViewSection.m in Sources */ = {isa = PBXBuildFile; fileRef = A9297072206F31CD0052AF0E /* RefreshFundViewSection.m */; };
		A92970BE206F31CD0052AF0E /* RefreshFundViewCell.m in Sources */ = {isa = PBXBuildFile; fileRef = A9297075206F31CD0052AF0E /* RefreshFundViewCell.m */; };
		A92970BF206F31CD0052AF0E /* RefreshTableViewController.m in Sources */ = {isa = PBXBuildFile; fileRef = A9297077206F31CD0052AF0E /* RefreshTableViewController.m */; };
		A92970C0206F31CD0052AF0E /* RefreshBannerViewCell.m in Sources */ = {isa = PBXBuildFile; fileRef = A9297079206F31CD0052AF0E /* RefreshBannerViewCell.m */; };
		A92970C1206F31CD0052AF0E /* RefreshHotViewCell.m in Sources */ = {isa = PBXBuildFile; fileRef = A929707B206F31CD0052AF0E /* RefreshHotViewCell.m */; };
		A92970C2206F31CD0052AF0E /* DishesModel.m in Sources */ = {isa = PBXBuildFile; fileRef = A929707D206F31CD0052AF0E /* DishesModel.m */; };
		A92970C3206F31CD0052AF0E /* HotModel.m in Sources */ = {isa = PBXBuildFile; fileRef = A929707E206F31CD0052AF0E /* HotModel.m */; };
		A92970C4206F31CD0052AF0E /* ExpressModel.m in Sources */ = {isa = PBXBuildFile; fileRef = A9297080206F31CD0052AF0E /* ExpressModel.m */; };
		A92970C5206F31CD0052AF0E /* WeiboModel.m in Sources */ = {isa = PBXBuildFile; fileRef = A9297081206F31CD0052AF0E /* WeiboModel.m */; };
		A92970C6206F31CD0052AF0E /* FundModel.m in Sources */ = {isa = PBXBuildFile; fileRef = A9297083206F31CD0052AF0E /* FundModel.m */; };
		A92970C7206F31CD0052AF0E /* StoreModel.m in Sources */ = {isa = PBXBuildFile; fileRef = A9297085206F31CD0052AF0E /* StoreModel.m */; };
		A92970C8206F31CD0052AF0E /* PraiseModel.m in Sources */ = {isa = PBXBuildFile; fileRef = A929708A206F31CD0052AF0E /* PraiseModel.m */; };
		A92970C9206F31CD0052AF0E /* GapPraiseGroupCell.m in Sources */ = {isa = PBXBuildFile; fileRef = A929708D206F31CD0052AF0E /* GapPraiseGroupCell.m */; };
		A92970CA206F31CD0052AF0E /* GapStoreViewCell.m in Sources */ = {isa = PBXBuildFile; fileRef = A929708E206F31CD0052AF0E /* GapStoreViewCell.m */; };
		A92970CB206F31CD0052AF0E /* GapTableViewController.m in Sources */ = {isa = PBXBuildFile; fileRef = A9297092206F31CD0052AF0E /* GapTableViewController.m */; };
		A92970CC206F31CD0052AF0E /* GapStoreHeaderCell.m in Sources */ = {isa = PBXBuildFile; fileRef = A9297093206F31CD0052AF0E /* GapStoreHeaderCell.m */; };
		A92970D3206F31CD0052AF0E /* fundHot09.png in Resources */ = {isa = PBXBuildFile; fileRef = A92970A3206F31CD0052AF0E /* fundHot09.png */; };
		A92970D4206F31CD0052AF0E /* fundHot08.png in Resources */ = {isa = PBXBuildFile; fileRef = A92970A4206F31CD0052AF0E /* fundHot08.png */; };
		A92970D5206F31CD0052AF0E /* fundHot03.png in Resources */ = {isa = PBXBuildFile; fileRef = A92970A5206F31CD0052AF0E /* fundHot03.png */; };
		A92970D6206F31CD0052AF0E /* fundHot02.png in Resources */ = {isa = PBXBuildFile; fileRef = A92970A6206F31CD0052AF0E /* fundHot02.png */; };
		A92970D7206F31CD0052AF0E /* fundHot01.png in Resources */ = {isa = PBXBuildFile; fileRef = A92970A7206F31CD0052AF0E /* fundHot01.png */; };
		A92970D8206F31CD0052AF0E /* fundHot05.png in Resources */ = {isa = PBXBuildFile; fileRef = A92970A8206F31CD0052AF0E /* fundHot05.png */; };
		A92970D9206F31CD0052AF0E /* fundHot11.png in Resources */ = {isa = PBXBuildFile; fileRef = A92970A9206F31CD0052AF0E /* fundHot11.png */; };
		A92970DA206F31CD0052AF0E /* fundHot10.png in Resources */ = {isa = PBXBuildFile; fileRef = A92970AA206F31CD0052AF0E /* fundHot10.png */; };
		A92970DB206F31CD0052AF0E /* fundHot04.png in Resources */ = {isa = PBXBuildFile; fileRef = A92970AB206F31CD0052AF0E /* fundHot04.png */; };
		A92970DC206F31CD0052AF0E /* fundHot12.png in Resources */ = {isa = PBXBuildFile; fileRef = A92970AC206F31CD0052AF0E /* fundHot12.png */; };
		A92970DD206F31CD0052AF0E /* fundHot06.png in Resources */ = {isa = PBXBuildFile; fileRef = A92970AD206F31CD0052AF0E /* fundHot06.png */; };
		A92970DE206F31CD0052AF0E /* fundHot07.png in Resources */ = {isa = PBXBuildFile; fileRef = A92970AE206F31CD0052AF0E /* fundHot07.png */; };
		A92970DF206F31CD0052AF0E /* iconfont.ttf in Resources */ = {isa = PBXBuildFile; fileRef = A92970B0206F31CD0052AF0E /* iconfont.ttf */; };
		A92970E0206F31CD0052AF0E /* demo_unicode.html in Resources */ = {isa = PBXBuildFile; fileRef = A92970B1206F31CD0052AF0E /* demo_unicode.html */; };
		A9384F9B207085FC008A3255 /* GYTableBaseView.m in Sources */ = {isa = PBXBuildFile; fileRef = A9384F91207085FC008A3255 /* GYTableBaseView.m */; };
		A9384F9C207085FC008A3255 /* GYTableViewSection.m in Sources */ = {isa = PBXBuildFile; fileRef = A9384F92207085FC008A3255 /* GYTableViewSection.m */; };
		A9384F9D207085FC008A3255 /* MJRefreshComponent+GY.m in Sources */ = {isa = PBXBuildFile; fileRef = A9384F93207085FC008A3255 /* MJRefreshComponent+GY.m */; };
		A9384F9E207085FC008A3255 /* GYRefreshAutoFooter.m in Sources */ = {isa = PBXBuildFile; fileRef = A9384F94207085FC008A3255 /* GYRefreshAutoFooter.m */; };
		A9384F9F207085FC008A3255 /* GYTableViewController.m in Sources */ = {isa = PBXBuildFile; fileRef = A9384F95207085FC008A3255 /* GYTableViewController.m */; };
		A9384FA0207085FC008A3255 /* GYTableViewCell.m in Sources */ = {isa = PBXBuildFile; fileRef = A9384F97207085FC008A3255 /* GYTableViewCell.m */; };
/* End PBXBuildFile section */

/* Begin PBXFileReference section */
		A9297038206F2FD50052AF0E /* GYTableViewController.app */ = {isa = PBXFileReference; explicitFileType = wrapper.application; includeInIndex = 0; path = GYTableViewController.app; sourceTree = BUILT_PRODUCTS_DIR; };
		A929703B206F2FD50052AF0E /* AppDelegate.h */ = {isa = PBXFileReference; lastKnownFileType = sourcecode.c.h; path = AppDelegate.h; sourceTree = "<group>"; };
		A929703C206F2FD50052AF0E /* AppDelegate.m */ = {isa = PBXFileReference; lastKnownFileType = sourcecode.c.objc; path = AppDelegate.m; sourceTree = "<group>"; };
		A9297044206F2FD50052AF0E /* Assets.xcassets */ = {isa = PBXFileReference; lastKnownFileType = folder.assetcatalog; path = Assets.xcassets; sourceTree = "<group>"; };
		A9297047206F2FD50052AF0E /* Base */ = {isa = PBXFileReference; lastKnownFileType = file.storyboard; name = Base; path = Base.lproj/LaunchScreen.storyboard; sourceTree = "<group>"; };
		A9297049206F2FD50052AF0E /* Info.plist */ = {isa = PBXFileReference; lastKnownFileType = text.plist.xml; path = Info.plist; sourceTree = "<group>"; };
		A929704A206F2FD50052AF0E /* main.m */ = {isa = PBXFileReference; lastKnownFileType = sourcecode.c.objc; path = main.m; sourceTree = "<group>"; };
		A9297051206F31A40052AF0E /* MainViewController.h */ = {isa = PBXFileReference; fileEncoding = 4; lastKnownFileType = sourcecode.c.h; path = MainViewController.h; sourceTree = "<group>"; };
		A9297052206F31A40052AF0E /* MainViewController.m */ = {isa = PBXFileReference; fileEncoding = 4; lastKnownFileType = sourcecode.c.objc; path = MainViewController.m; sourceTree = "<group>"; };
		A9297053206F31A40052AF0E /* PrefixHeader.pch */ = {isa = PBXFileReference; fileEncoding = 4; lastKnownFileType = sourcecode.c.h; path = PrefixHeader.pch; sourceTree = "<group>"; };
		A9297057206F31CD0052AF0E /* AutoHeightTableViewController.m */ = {isa = PBXFileReference; fileEncoding = 4; lastKnownFileType = sourcecode.c.objc; path = AutoHeightTableViewController.m; sourceTree = "<group>"; };
		A9297058206F31CD0052AF0E /* AutoHeightWeiboCell.h */ = {isa = PBXFileReference; fileEncoding = 4; lastKnownFileType = sourcecode.c.h; path = AutoHeightWeiboCell.h; sourceTree = "<group>"; };
		A9297059206F31CD0052AF0E /* AutoHeightWeiboCell.m */ = {isa = PBXFileReference; fileEncoding = 4; lastKnownFileType = sourcecode.c.objc; path = AutoHeightWeiboCell.m; sourceTree = "<group>"; };
		A929705A206F31CD0052AF0E /* AutoHeightTableViewController.h */ = {isa = PBXFileReference; fileEncoding = 4; lastKnownFileType = sourcecode.c.h; path = AutoHeightTableViewController.h; sourceTree = "<group>"; };
		A929705C206F31CD0052AF0E /* Config.h */ = {isa = PBXFileReference; fileEncoding = 4; lastKnownFileType = sourcecode.c.h; path = Config.h; sourceTree = "<group>"; };
		A929705D206F31CD0052AF0E /* Config.m */ = {isa = PBXFileReference; fileEncoding = 4; lastKnownFileType = sourcecode.c.objc; path = Config.m; sourceTree = "<group>"; };
		A929705F206F31CD0052AF0E /* RelateExpressViewCell.m */ = {isa = PBXFileReference; fileEncoding = 4; lastKnownFileType = sourcecode.c.objc; path = RelateExpressViewCell.m; sourceTree = "<group>"; };
		A9297060206F31CD0052AF0E /* RelateTableViewController.h */ = {isa = PBXFileReference; fileEncoding = 4; lastKnownFileType = sourcecode.c.h; path = RelateTableViewController.h; sourceTree = "<group>"; };
		A9297061206F31CD0052AF0E /* RelateExpressViewCell.h */ = {isa = PBXFileReference; fileEncoding = 4; lastKnownFileType = sourcecode.c.h; path = RelateExpressViewCell.h; sourceTree = "<group>"; };
		A9297062206F31CD0052AF0E /* RelateTableViewController.m */ = {isa = PBXFileReference; fileEncoding = 4; lastKnownFileType = sourcecode.c.objc; path = RelateTableViewController.m; sourceTree = "<group>"; };
		A9297064206F31CD0052AF0E /* UIView+GY.m */ = {isa = PBXFileReference; fileEncoding = 4; lastKnownFileType = sourcecode.c.objc; path = "UIView+GY.m"; sourceTree = "<group>"; };
		A9297065206F31CD0052AF0E /* UICreationUtils.h */ = {isa = PBXFileReference; fileEncoding = 4; lastKnownFileType = sourcecode.c.h; path = UICreationUtils.h; sourceTree = "<group>"; };
		A9297066206F31CD0052AF0E /* UIView+GY.h */ = {isa = PBXFileReference; fileEncoding = 4; lastKnownFileType = sourcecode.c.h; path = "UIView+GY.h"; sourceTree = "<group>"; };
		A9297067206F31CD0052AF0E /* UICreationUtils.m */ = {isa = PBXFileReference; fileEncoding = 4; lastKnownFileType = sourcecode.c.objc; path = UICreationUtils.m; sourceTree = "<group>"; };
		A9297069206F31CD0052AF0E /* FrameTableViewController.m */ = {isa = PBXFileReference; fileEncoding = 4; lastKnownFileType = sourcecode.c.objc; path = FrameTableViewController.m; sourceTree = "<group>"; };
		A929706A206F31CD0052AF0E /* DiyRotateRefreshHeader.m */ = {isa = PBXFileReference; fileEncoding = 4; lastKnownFileType = sourcecode.c.objc; path = DiyRotateRefreshHeader.m; sourceTree = "<group>"; };
		A929706B206F31CD0052AF0E /* FrameDishesViewCell.h */ = {isa = PBXFileReference; fileEncoding = 4; lastKnownFileType = sourcecode.c.h; path = FrameDishesViewCell.h; sourceTree = "<group>"; };
		A929706C206F31CD0052AF0E /* WebViewController.m */ = {isa = PBXFileReference; fileEncoding = 4; lastKnownFileType = sourcecode.c.objc; path = WebViewController.m; sourceTree = "<group>"; };
		A929706D206F31CD0052AF0E /* FrameTableViewController.h */ = {isa = PBXFileReference; fileEncoding = 4; lastKnownFileType = sourcecode.c.h; path = FrameTableViewController.h; sourceTree = "<group>"; };
		A929706E206F31CD0052AF0E /* WebViewController.h */ = {isa = PBXFileReference; fileEncoding = 4; lastKnownFileType = sourcecode.c.h; path = WebViewController.h; sourceTree = "<group>"; };
		A929706F206F31CD0052AF0E /* FrameDishesViewCell.m */ = {isa = PBXFileReference; fileEncoding = 4; lastKnownFileType = sourcecode.c.objc; path = FrameDishesViewCell.m; sourceTree = "<group>"; };
		A9297070206F31CD0052AF0E /* DiyRotateRefreshHeader.h */ = {isa = PBXFileReference; fileEncoding = 4; lastKnownFileType = sourcecode.c.h; path = DiyRotateRefreshHeader.h; sourceTree = "<group>"; };
		A9297072206F31CD0052AF0E /* RefreshFundViewSection.m */ = {isa = PBXFileReference; fileEncoding = 4; lastKnownFileType = sourcecode.c.objc; path = RefreshFundViewSection.m; sourceTree = "<group>"; };
		A9297073206F31CD0052AF0E /* RefreshTableViewController.h */ = {isa = PBXFileReference; fileEncoding = 4; lastKnownFileType = sourcecode.c.h; path = RefreshTableViewController.h; sourceTree = "<group>"; };
		A9297074206F31CD0052AF0E /* RefreshHotViewCell.h */ = {isa = PBXFileReference; fileEncoding = 4; lastKnownFileType = sourcecode.c.h; path = RefreshHotViewCell.h; sourceTree = "<group>"; };
		A9297075206F31CD0052AF0E /* RefreshFundViewCell.m */ = {isa = PBXFileReference; fileEncoding = 4; lastKnownFileType = sourcecode.c.objc; path = RefreshFundViewCell.m; sourceTree = "<group>"; };
		A9297076206F31CD0052AF0E /* RefreshBannerViewCell.h */ = {isa = PBXFileReference; fileEncoding = 4; lastKnownFileType = sourcecode.c.h; path = RefreshBannerViewCell.h; sourceTree = "<group>"; };
		A9297077206F31CD0052AF0E /* RefreshTableViewController.m */ = {isa = PBXFileReference; fileEncoding = 4; lastKnownFileType = sourcecode.c.objc; path = RefreshTableViewController.m; sourceTree = "<group>"; };
		A9297078206F31CD0052AF0E /* RefreshFundViewSection.h */ = {isa = PBXFileReference; fileEncoding = 4; lastKnownFileType = sourcecode.c.h; path = RefreshFundViewSection.h; sourceTree = "<group>"; };
		A9297079206F31CD0052AF0E /* RefreshBannerViewCell.m */ = {isa = PBXFileReference; fileEncoding = 4; lastKnownFileType = sourcecode.c.objc; path = RefreshBannerViewCell.m; sourceTree = "<group>"; };
		A929707A206F31CD0052AF0E /* RefreshFundViewCell.h */ = {isa = PBXFileReference; fileEncoding = 4; lastKnownFileType = sourcecode.c.h; path = RefreshFundViewCell.h; sourceTree = "<group>"; };
		A929707B206F31CD0052AF0E /* RefreshHotViewCell.m */ = {isa = PBXFileReference; fileEncoding = 4; lastKnownFileType = sourcecode.c.objc; path = RefreshHotViewCell.m; sourceTree = "<group>"; };
		A929707D206F31CD0052AF0E /* DishesModel.m */ = {isa = PBXFileReference; fileEncoding = 4; lastKnownFileType = sourcecode.c.objc; path = DishesModel.m; sourceTree = "<group>"; };
		A929707E206F31CD0052AF0E /* HotModel.m */ = {isa = PBXFileReference; fileEncoding = 4; lastKnownFileType = sourcecode.c.objc; path = HotModel.m; sourceTree = "<group>"; };
		A929707F206F31CD0052AF0E /* StoreModel.h */ = {isa = PBXFileReference; fileEncoding = 4; lastKnownFileType = sourcecode.c.h; path = StoreModel.h; sourceTree = "<group>"; };
		A9297080206F31CD0052AF0E /* ExpressModel.m */ = {isa = PBXFileReference; fileEncoding = 4; lastKnownFileType = sourcecode.c.objc; path = ExpressModel.m; sourceTree = "<group>"; };
		A9297081206F31CD0052AF0E /* WeiboModel.m */ = {isa = PBXFileReference; fileEncoding = 4; lastKnownFileType = sourcecode.c.objc; path = WeiboModel.m; sourceTree = "<group>"; };
		A9297082206F31CD0052AF0E /* PraiseModel.h */ = {isa = PBXFileReference; fileEncoding = 4; lastKnownFileType = sourcecode.c.h; path = PraiseModel.h; sourceTree = "<group>"; };
		A9297083206F31CD0052AF0E /* FundModel.m */ = {isa = PBXFileReference; fileEncoding = 4; lastKnownFileType = sourcecode.c.objc; path = FundModel.m; sourceTree = "<group>"; };
		A9297084206F31CD0052AF0E /* DishesModel.h */ = {isa = PBXFileReference; fileEncoding = 4; lastKnownFileType = sourcecode.c.h; path = DishesModel.h; sourceTree = "<group>"; };
		A9297085206F31CD0052AF0E /* StoreModel.m */ = {isa = PBXFileReference; fileEncoding = 4; lastKnownFileType = sourcecode.c.objc; path = StoreModel.m; sourceTree = "<group>"; };
		A9297086206F31CD0052AF0E /* HotModel.h */ = {isa = PBXFileReference; fileEncoding = 4; lastKnownFileType = sourcecode.c.h; path = HotModel.h; sourceTree = "<group>"; };
		A9297087206F31CD0052AF0E /* WeiboModel.h */ = {isa = PBXFileReference; fileEncoding = 4; lastKnownFileType = sourcecode.c.h; path = WeiboModel.h; sourceTree = "<group>"; };
		A9297088206F31CD0052AF0E /* ExpressModel.h */ = {isa = PBXFileReference; fileEncoding = 4; lastKnownFileType = sourcecode.c.h; path = ExpressModel.h; sourceTree = "<group>"; };
		A9297089206F31CD0052AF0E /* FundModel.h */ = {isa = PBXFileReference; fileEncoding = 4; lastKnownFileType = sourcecode.c.h; path = FundModel.h; sourceTree = "<group>"; };
		A929708A206F31CD0052AF0E /* PraiseModel.m */ = {isa = PBXFileReference; fileEncoding = 4; lastKnownFileType = sourcecode.c.objc; path = PraiseModel.m; sourceTree = "<group>"; };
		A929708C206F31CD0052AF0E /* GapTableViewController.h */ = {isa = PBXFileReference; fileEncoding = 4; lastKnownFileType = sourcecode.c.h; path = GapTableViewController.h; sourceTree = "<group>"; };
		A929708D206F31CD0052AF0E /* GapPraiseGroupCell.m */ = {isa = PBXFileReference; fileEncoding = 4; lastKnownFileType = sourcecode.c.objc; path = GapPraiseGroupCell.m; sourceTree = "<group>"; };
		A929708E206F31CD0052AF0E /* GapStoreViewCell.m */ = {isa = PBXFileReference; fileEncoding = 4; lastKnownFileType = sourcecode.c.objc; path = GapStoreViewCell.m; sourceTree = "<group>"; };
		A929708F206F31CD0052AF0E /* GapStoreHeaderCell.h */ = {isa = PBXFileReference; fileEncoding = 4; lastKnownFileType = sourcecode.c.h; path = GapStoreHeaderCell.h; sourceTree = "<group>"; };
		A9297090206F31CD0052AF0E /* GapPraiseGroupCell.h */ = {isa = PBXFileReference; fileEncoding = 4; lastKnownFileType = sourcecode.c.h; path = GapPraiseGroupCell.h; sourceTree = "<group>"; };
		A9297091206F31CD0052AF0E /* GapStoreViewCell.h */ = {isa = PBXFileReference; fileEncoding = 4; lastKnownFileType = sourcecode.c.h; path = GapStoreViewCell.h; sourceTree = "<group>"; };
		A9297092206F31CD0052AF0E /* GapTableViewController.m */ = {isa = PBXFileReference; fileEncoding = 4; lastKnownFileType = sourcecode.c.objc; path = GapTableViewController.m; sourceTree = "<group>"; };
		A9297093206F31CD0052AF0E /* GapStoreHeaderCell.m */ = {isa = PBXFileReference; fileEncoding = 4; lastKnownFileType = sourcecode.c.objc; path = GapStoreHeaderCell.m; sourceTree = "<group>"; };
		A92970A3206F31CD0052AF0E /* fundHot09.png */ = {isa = PBXFileReference; lastKnownFileType = image.png; path = fundHot09.png; sourceTree = "<group>"; };
		A92970A4206F31CD0052AF0E /* fundHot08.png */ = {isa = PBXFileReference; lastKnownFileType = image.png; path = fundHot08.png; sourceTree = "<group>"; };
		A92970A5206F31CD0052AF0E /* fundHot03.png */ = {isa = PBXFileReference; lastKnownFileType = image.png; path = fundHot03.png; sourceTree = "<group>"; };
		A92970A6206F31CD0052AF0E /* fundHot02.png */ = {isa = PBXFileReference; lastKnownFileType = image.png; path = fundHot02.png; sourceTree = "<group>"; };
		A92970A7206F31CD0052AF0E /* fundHot01.png */ = {isa = PBXFileReference; lastKnownFileType = image.png; path = fundHot01.png; sourceTree = "<group>"; };
		A92970A8206F31CD0052AF0E /* fundHot05.png */ = {isa = PBXFileReference; lastKnownFileType = image.png; path = fundHot05.png; sourceTree = "<group>"; };
		A92970A9206F31CD0052AF0E /* fundHot11.png */ = {isa = PBXFileReference; lastKnownFileType = image.png; path = fundHot11.png; sourceTree = "<group>"; };
		A92970AA206F31CD0052AF0E /* fundHot10.png */ = {isa = PBXFileReference; lastKnownFileType = image.png; path = fundHot10.png; sourceTree = "<group>"; };
		A92970AB206F31CD0052AF0E /* fundHot04.png */ = {isa = PBXFileReference; lastKnownFileType = image.png; path = fundHot04.png; sourceTree = "<group>"; };
		A92970AC206F31CD0052AF0E /* fundHot12.png */ = {isa = PBXFileReference; lastKnownFileType = image.png; path = fundHot12.png; sourceTree = "<group>"; };
		A92970AD206F31CD0052AF0E /* fundHot06.png */ = {isa = PBXFileReference; lastKnownFileType = image.png; path = fundHot06.png; sourceTree = "<group>"; };
		A92970AE206F31CD0052AF0E /* fundHot07.png */ = {isa = PBXFileReference; lastKnownFileType = image.png; path = fundHot07.png; sourceTree = "<group>"; };
		A92970B0206F31CD0052AF0E /* iconfont.ttf */ = {isa = PBXFileReference; lastKnownFileType = file; path = iconfont.ttf; sourceTree = "<group>"; };
		A92970B1206F31CD0052AF0E /* demo_unicode.html */ = {isa = PBXFileReference; fileEncoding = 4; lastKnownFileType = text.html; path = demo_unicode.html; sourceTree = "<group>"; };
		A9384F8F207085FC008A3255 /* GYTableViewController.h */ = {isa = PBXFileReference; fileEncoding = 4; lastKnownFileType = sourcecode.c.h; path = GYTableViewController.h; sourceTree = "<group>"; };
		A9384F90207085FC008A3255 /* GYTableViewCell.h */ = {isa = PBXFileReference; fileEncoding = 4; lastKnownFileType = sourcecode.c.h; path = GYTableViewCell.h; sourceTree = "<group>"; };
		A9384F91207085FC008A3255 /* GYTableBaseView.m */ = {isa = PBXFileReference; fileEncoding = 4; lastKnownFileType = sourcecode.c.objc; path = GYTableBaseView.m; sourceTree = "<group>"; };
		A9384F92207085FC008A3255 /* GYTableViewSection.m */ = {isa = PBXFileReference; fileEncoding = 4; lastKnownFileType = sourcecode.c.objc; path = GYTableViewSection.m; sourceTree = "<group>"; };
		A9384F93207085FC008A3255 /* MJRefreshComponent+GY.m */ = {isa = PBXFileReference; fileEncoding = 4; lastKnownFileType = sourcecode.c.objc; path = "MJRefreshComponent+GY.m"; sourceTree = "<group>"; };
		A9384F94207085FC008A3255 /* GYRefreshAutoFooter.m */ = {isa = PBXFileReference; fileEncoding = 4; lastKnownFileType = sourcecode.c.objc; path = GYRefreshAutoFooter.m; sourceTree = "<group>"; };
		A9384F95207085FC008A3255 /* GYTableViewController.m */ = {isa = PBXFileReference; fileEncoding = 4; lastKnownFileType = sourcecode.c.objc; path = GYTableViewController.m; sourceTree = "<group>"; };
		A9384F96207085FC008A3255 /* GYTableBaseView.h */ = {isa = PBXFileReference; fileEncoding = 4; lastKnownFileType = sourcecode.c.h; path = GYTableBaseView.h; sourceTree = "<group>"; };
		A9384F97207085FC008A3255 /* GYTableViewCell.m */ = {isa = PBXFileReference; fileEncoding = 4; lastKnownFileType = sourcecode.c.objc; path = GYTableViewCell.m; sourceTree = "<group>"; };
		A9384F98207085FC008A3255 /* MJRefreshComponent+GY.h */ = {isa = PBXFileReference; fileEncoding = 4; lastKnownFileType = sourcecode.c.h; path = "MJRefreshComponent+GY.h"; sourceTree = "<group>"; };
		A9384F99207085FC008A3255 /* GYTableViewSection.h */ = {isa = PBXFileReference; fileEncoding = 4; lastKnownFileType = sourcecode.c.h; path = GYTableViewSection.h; sourceTree = "<group>"; };
		A9384F9A207085FC008A3255 /* GYRefreshAutoFooter.h */ = {isa = PBXFileReference; fileEncoding = 4; lastKnownFileType = sourcecode.c.h; path = GYRefreshAutoFooter.h; sourceTree = "<group>"; };
		BB0902A3C76E084E2D3480F4 /* Pods-GYTableViewController.release.xcconfig */ = {isa = PBXFileReference; includeInIndex = 1; lastKnownFileType = text.xcconfig; name = "Pods-GYTableViewController.release.xcconfig"; path = "Pods/Target Support Files/Pods-GYTableViewController/Pods-GYTableViewController.release.xcconfig"; sourceTree = "<group>"; };
		E301B20D533B9F90241B2513 /* libPods-GYTableViewController.a */ = {isa = PBXFileReference; explicitFileType = archive.ar; includeInIndex = 0; path = "libPods-GYTableViewController.a"; sourceTree = BUILT_PRODUCTS_DIR; };
		E8EEDD4C6537A6D01962065B /* Pods-GYTableViewController.debug.xcconfig */ = {isa = PBXFileReference; includeInIndex = 1; lastKnownFileType = text.xcconfig; name = "Pods-GYTableViewController.debug.xcconfig"; path = "Pods/Target Support Files/Pods-GYTableViewController/Pods-GYTableViewController.debug.xcconfig"; sourceTree = "<group>"; };
/* End PBXFileReference section */

/* Begin PBXFrameworksBuildPhase section */
		A9297035206F2FD50052AF0E /* Frameworks */ = {
			isa = PBXFrameworksBuildPhase;
			buildActionMask = 2147483647;
			files = (
				4EF5BCF59F3A8C618B3CFE04 /* libPods-GYTableViewController.a in Frameworks */,
			);
			runOnlyForDeploymentPostprocessing = 0;
		};
/* End PBXFrameworksBuildPhase section */

/* Begin PBXGroup section */
		98328569FE435E56E61D1CEA /* Frameworks */ = {
			isa = PBXGroup;
			children = (
				E301B20D533B9F90241B2513 /* libPods-GYTableViewController.a */,
			);
			name = Frameworks;
			sourceTree = "<group>";
		};
		A929702F206F2FD50052AF0E = {
			isa = PBXGroup;
			children = (
				A929703A206F2FD50052AF0E /* GYTableViewController */,
				A9297039206F2FD50052AF0E /* Products */,
				EB0972150089E8C3C31FE649 /* Pods */,
				98328569FE435E56E61D1CEA /* Frameworks */,
			);
			sourceTree = "<group>";
		};
		A9297039206F2FD50052AF0E /* Products */ = {
			isa = PBXGroup;
			children = (
				A9297038206F2FD50052AF0E /* GYTableViewController.app */,
			);
			name = Products;
			sourceTree = "<group>";
		};
		A929703A206F2FD50052AF0E /* GYTableViewController */ = {
			isa = PBXGroup;
			children = (
				A9297055206F31CD0052AF0E /* Demo */,
				A92970A1206F31CD0052AF0E /* Resource */,
				A9384F8E207085FC008A3255 /* Framework */,
				A929703B206F2FD50052AF0E /* AppDelegate.h */,
				A929703C206F2FD50052AF0E /* AppDelegate.m */,
				A9297044206F2FD50052AF0E /* Assets.xcassets */,
				A9297046206F2FD50052AF0E /* LaunchScreen.storyboard */,
				A9297049206F2FD50052AF0E /* Info.plist */,
				A929704A206F2FD50052AF0E /* main.m */,
				A9297051206F31A40052AF0E /* MainViewController.h */,
				A9297052206F31A40052AF0E /* MainViewController.m */,
				A9297053206F31A40052AF0E /* PrefixHeader.pch */,
			);
			path = GYTableViewController;
			sourceTree = "<group>";
		};
		A9297055206F31CD0052AF0E /* Demo */ = {
			isa = PBXGroup;
			children = (
				A929707C206F31CD0052AF0E /* Model */,
				A9297063206F31CD0052AF0E /* Utils */,
				A929705B206F31CD0052AF0E /* Config */,
				A9297071206F31CD0052AF0E /* RefreshDemo */,
				A9297068206F31CD0052AF0E /* FrameDemo */,
				A929708B206F31CD0052AF0E /* GapDemo */,
				A929705E206F31CD0052AF0E /* RelateDemo */,
				A9297056206F31CD0052AF0E /* AutoHeightDemo */,
			);
			path = Demo;
			sourceTree = "<group>";
		};
		A9297056206F31CD0052AF0E /* AutoHeightDemo */ = {
			isa = PBXGroup;
			children = (
				A929705A206F31CD0052AF0E /* AutoHeightTableViewController.h */,
				A9297057206F31CD0052AF0E /* AutoHeightTableViewController.m */,
				A9297058206F31CD0052AF0E /* AutoHeightWeiboCell.h */,
				A9297059206F31CD0052AF0E /* AutoHeightWeiboCell.m */,
			);
			path = AutoHeightDemo;
			sourceTree = "<group>";
		};
		A929705B206F31CD0052AF0E /* Config */ = {
			isa = PBXGroup;
			children = (
				A929705C206F31CD0052AF0E /* Config.h */,
				A929705D206F31CD0052AF0E /* Config.m */,
			);
			path = Config;
			sourceTree = "<group>";
		};
		A929705E206F31CD0052AF0E /* RelateDemo */ = {
			isa = PBXGroup;
			children = (
				A9297060206F31CD0052AF0E /* RelateTableViewController.h */,
				A9297062206F31CD0052AF0E /* RelateTableViewController.m */,
				A9297061206F31CD0052AF0E /* RelateExpressViewCell.h */,
				A929705F206F31CD0052AF0E /* RelateExpressViewCell.m */,
			);
			path = RelateDemo;
			sourceTree = "<group>";
		};
		A9297063206F31CD0052AF0E /* Utils */ = {
			isa = PBXGroup;
			children = (
				A9297066206F31CD0052AF0E /* UIView+GY.h */,
				A9297064206F31CD0052AF0E /* UIView+GY.m */,
				A9297065206F31CD0052AF0E /* UICreationUtils.h */,
				A9297067206F31CD0052AF0E /* UICreationUtils.m */,
			);
			path = Utils;
			sourceTree = "<group>";
		};
		A9297068206F31CD0052AF0E /* FrameDemo */ = {
			isa = PBXGroup;
			children = (
				A929706D206F31CD0052AF0E /* FrameTableViewController.h */,
				A9297069206F31CD0052AF0E /* FrameTableViewController.m */,
				A929706B206F31CD0052AF0E /* FrameDishesViewCell.h */,
				A929706F206F31CD0052AF0E /* FrameDishesViewCell.m */,
				A9297070206F31CD0052AF0E /* DiyRotateRefreshHeader.h */,
				A929706A206F31CD0052AF0E /* DiyRotateRefreshHeader.m */,
				A929706E206F31CD0052AF0E /* WebViewController.h */,
				A929706C206F31CD0052AF0E /* WebViewController.m */,
			);
			path = FrameDemo;
			sourceTree = "<group>";
		};
		A9297071206F31CD0052AF0E /* RefreshDemo */ = {
			isa = PBXGroup;
			children = (
				A9297073206F31CD0052AF0E /* RefreshTableViewController.h */,
				A9297077206F31CD0052AF0E /* RefreshTableViewController.m */,
				A9297076206F31CD0052AF0E /* RefreshBannerViewCell.h */,
				A9297079206F31CD0052AF0E /* RefreshBannerViewCell.m */,
				A9297074206F31CD0052AF0E /* RefreshHotViewCell.h */,
				A929707B206F31CD0052AF0E /* RefreshHotViewCell.m */,
				A929707A206F31CD0052AF0E /* RefreshFundViewCell.h */,
				A9297075206F31CD0052AF0E /* RefreshFundViewCell.m */,
				A9297078206F31CD0052AF0E /* RefreshFundViewSection.h */,
				A9297072206F31CD0052AF0E /* RefreshFundViewSection.m */,
			);
			path = RefreshDemo;
			sourceTree = "<group>";
		};
		A929707C206F31CD0052AF0E /* Model */ = {
			isa = PBXGroup;
			children = (
				A9297086206F31CD0052AF0E /* HotModel.h */,
				A929707E206F31CD0052AF0E /* HotModel.m */,
				A9297089206F31CD0052AF0E /* FundModel.h */,
				A9297083206F31CD0052AF0E /* FundModel.m */,
				A9297084206F31CD0052AF0E /* DishesModel.h */,
				A929707D206F31CD0052AF0E /* DishesModel.m */,
				A9297082206F31CD0052AF0E /* PraiseModel.h */,
				A929708A206F31CD0052AF0E /* PraiseModel.m */,
				A929707F206F31CD0052AF0E /* StoreModel.h */,
				A9297085206F31CD0052AF0E /* StoreModel.m */,
				A9297088206F31CD0052AF0E /* ExpressModel.h */,
				A9297080206F31CD0052AF0E /* ExpressModel.m */,
				A9297087206F31CD0052AF0E /* WeiboModel.h */,
				A9297081206F31CD0052AF0E /* WeiboModel.m */,
			);
			path = Model;
			sourceTree = "<group>";
		};
		A929708B206F31CD0052AF0E /* GapDemo */ = {
			isa = PBXGroup;
			children = (
				A929708C206F31CD0052AF0E /* GapTableViewController.h */,
				A9297092206F31CD0052AF0E /* GapTableViewController.m */,
				A9297090206F31CD0052AF0E /* GapPraiseGroupCell.h */,
				A929708D206F31CD0052AF0E /* GapPraiseGroupCell.m */,
				A929708F206F31CD0052AF0E /* GapStoreHeaderCell.h */,
				A9297093206F31CD0052AF0E /* GapStoreHeaderCell.m */,
				A9297091206F31CD0052AF0E /* GapStoreViewCell.h */,
				A929708E206F31CD0052AF0E /* GapStoreViewCell.m */,
			);
			path = GapDemo;
			sourceTree = "<group>";
		};
		A92970A1206F31CD0052AF0E /* Resource */ = {
			isa = PBXGroup;
			children = (
				A92970A2206F31CD0052AF0E /* fundHotIcon */,
				A92970AF206F31CD0052AF0E /* iconfont */,
			);
			path = Resource;
			sourceTree = "<group>";
		};
		A92970A2206F31CD0052AF0E /* fundHotIcon */ = {
			isa = PBXGroup;
			children = (
				A92970A3206F31CD0052AF0E /* fundHot09.png */,
				A92970A4206F31CD0052AF0E /* fundHot08.png */,
				A92970A5206F31CD0052AF0E /* fundHot03.png */,
				A92970A6206F31CD0052AF0E /* fundHot02.png */,
				A92970A7206F31CD0052AF0E /* fundHot01.png */,
				A92970A8206F31CD0052AF0E /* fundHot05.png */,
				A92970A9206F31CD0052AF0E /* fundHot11.png */,
				A92970AA206F31CD0052AF0E /* fundHot10.png */,
				A92970AB206F31CD0052AF0E /* fundHot04.png */,
				A92970AC206F31CD0052AF0E /* fundHot12.png */,
				A92970AD206F31CD0052AF0E /* fundHot06.png */,
				A92970AE206F31CD0052AF0E /* fundHot07.png */,
			);
			path = fundHotIcon;
			sourceTree = "<group>";
		};
		A92970AF206F31CD0052AF0E /* iconfont */ = {
			isa = PBXGroup;
			children = (
				A92970B0206F31CD0052AF0E /* iconfont.ttf */,
				A92970B1206F31CD0052AF0E /* demo_unicode.html */,
			);
			path = iconfont;
			sourceTree = "<group>";
		};
		A9384F8E207085FC008A3255 /* Framework */ = {
			isa = PBXGroup;
			children = (
				A9384F8F207085FC008A3255 /* GYTableViewController.h */,
				A9384F95207085FC008A3255 /* GYTableViewController.m */,
				A9384F96207085FC008A3255 /* GYTableBaseView.h */,
				A9384F91207085FC008A3255 /* GYTableBaseView.m */,
				A9384F90207085FC008A3255 /* GYTableViewCell.h */,
				A9384F97207085FC008A3255 /* GYTableViewCell.m */,
				A9384F99207085FC008A3255 /* GYTableViewSection.h */,
				A9384F92207085FC008A3255 /* GYTableViewSection.m */,
				A9384F9A207085FC008A3255 /* GYRefreshAutoFooter.h */,
				A9384F94207085FC008A3255 /* GYRefreshAutoFooter.m */,
				A9384F98207085FC008A3255 /* MJRefreshComponent+GY.h */,
				A9384F93207085FC008A3255 /* MJRefreshComponent+GY.m */,
			);
			path = Framework;
			sourceTree = "<group>";
		};
		EB0972150089E8C3C31FE649 /* Pods */ = {
			isa = PBXGroup;
			children = (
				E8EEDD4C6537A6D01962065B /* Pods-GYTableViewController.debug.xcconfig */,
				BB0902A3C76E084E2D3480F4 /* Pods-GYTableViewController.release.xcconfig */,
			);
			name = Pods;
			sourceTree = "<group>";
		};
/* End PBXGroup section */

/* Begin PBXNativeTarget section */
		A9297037206F2FD50052AF0E /* GYTableViewController */ = {
			isa = PBXNativeTarget;
			buildConfigurationList = A929704E206F2FD50052AF0E /* Build configuration list for PBXNativeTarget "GYTableViewController" */;
			buildPhases = (
				19B8FEE5C6AFC72544D5360D /* [CP] Check Pods Manifest.lock */,
				A9297034206F2FD50052AF0E /* Sources */,
				A9297035206F2FD50052AF0E /* Frameworks */,
				A9297036206F2FD50052AF0E /* Resources */,
				6689E0C8986B4F44D6E4A05D /* [CP] Embed Pods Frameworks */,
				904C13D994BA5E3F82C6EFD9 /* [CP] Copy Pods Resources */,
			);
			buildRules = (
			);
			dependencies = (
			);
			name = GYTableViewController;
			productName = GYTableViewController;
			productReference = A9297038206F2FD50052AF0E /* GYTableViewController.app */;
			productType = "com.apple.product-type.application";
		};
/* End PBXNativeTarget section */

/* Begin PBXProject section */
		A9297030206F2FD50052AF0E /* Project object */ = {
			isa = PBXProject;
			attributes = {
				LastUpgradeCheck = 0910;
				ORGANIZATIONNAME = "高扬";
				TargetAttributes = {
					A9297037206F2FD50052AF0E = {
						CreatedOnToolsVersion = 9.1;
						ProvisioningStyle = Automatic;
					};
				};
			};
			buildConfigurationList = A9297033206F2FD50052AF0E /* Build configuration list for PBXProject "GYTableViewController" */;
			compatibilityVersion = "Xcode 8.0";
			developmentRegion = en;
			hasScannedForEncodings = 0;
			knownRegions = (
				en,
				Base,
			);
			mainGroup = A929702F206F2FD50052AF0E;
			productRefGroup = A9297039206F2FD50052AF0E /* Products */;
			projectDirPath = "";
			projectRoot = "";
			targets = (
				A9297037206F2FD50052AF0E /* GYTableViewController */,
			);
		};
/* End PBXProject section */

/* Begin PBXResourcesBuildPhase section */
		A9297036206F2FD50052AF0E /* Resources */ = {
			isa = PBXResourcesBuildPhase;
			buildActionMask = 2147483647;
			files = (
				A92970D4206F31CD0052AF0E /* fundHot08.png in Resources */,
				A92970D7206F31CD0052AF0E /* fundHot01.png in Resources */,
				A9297048206F2FD50052AF0E /* LaunchScreen.storyboard in Resources */,
				A92970DD206F31CD0052AF0E /* fundHot06.png in Resources */,
				A92970D3206F31CD0052AF0E /* fundHot09.png in Resources */,
				A92970D9206F31CD0052AF0E /* fundHot11.png in Resources */,
				A92970DB206F31CD0052AF0E /* fundHot04.png in Resources */,
				A92970DA206F31CD0052AF0E /* fundHot10.png in Resources */,
				A92970DF206F31CD0052AF0E /* iconfont.ttf in Resources */,
				A92970DC206F31CD0052AF0E /* fundHot12.png in Resources */,
				A92970DE206F31CD0052AF0E /* fundHot07.png in Resources */,
				A9297045206F2FD50052AF0E /* Assets.xcassets in Resources */,
				A92970D8206F31CD0052AF0E /* fundHot05.png in Resources */,
				A92970D6206F31CD0052AF0E /* fundHot02.png in Resources */,
				A92970D5206F31CD0052AF0E /* fundHot03.png in Resources */,
				A92970E0206F31CD0052AF0E /* demo_unicode.html in Resources */,
			);
			runOnlyForDeploymentPostprocessing = 0;
		};
/* End PBXResourcesBuildPhase section */

/* Begin PBXShellScriptBuildPhase section */
		19B8FEE5C6AFC72544D5360D /* [CP] Check Pods Manifest.lock */ = {
			isa = PBXShellScriptBuildPhase;
			buildActionMask = 2147483647;
			files = (
			);
			inputPaths = (
				"${PODS_PODFILE_DIR_PATH}/Podfile.lock",
				"${PODS_ROOT}/Manifest.lock",
			);
			name = "[CP] Check Pods Manifest.lock";
			outputPaths = (
				"$(DERIVED_FILE_DIR)/Pods-GYTableViewController-checkManifestLockResult.txt",
			);
			runOnlyForDeploymentPostprocessing = 0;
			shellPath = /bin/sh;
			shellScript = "diff \"${PODS_PODFILE_DIR_PATH}/Podfile.lock\" \"${PODS_ROOT}/Manifest.lock\" > /dev/null\nif [ $? != 0 ] ; then\n    # print error to STDERR\n    echo \"error: The sandbox is not in sync with the Podfile.lock. Run 'pod install' or update your CocoaPods installation.\" >&2\n    exit 1\nfi\n# This output is used by Xcode 'outputs' to avoid re-running this script phase.\necho \"SUCCESS\" > \"${SCRIPT_OUTPUT_FILE_0}\"\n";
			showEnvVarsInLog = 0;
		};
		6689E0C8986B4F44D6E4A05D /* [CP] Embed Pods Frameworks */ = {
			isa = PBXShellScriptBuildPhase;
			buildActionMask = 2147483647;
			files = (
			);
			inputPaths = (
			);
			name = "[CP] Embed Pods Frameworks";
			outputPaths = (
			);
			runOnlyForDeploymentPostprocessing = 0;
			shellPath = /bin/sh;
			shellScript = "\"${SRCROOT}/Pods/Target Support Files/Pods-GYTableViewController/Pods-GYTableViewController-frameworks.sh\"\n";
			showEnvVarsInLog = 0;
		};
		904C13D994BA5E3F82C6EFD9 /* [CP] Copy Pods Resources */ = {
			isa = PBXShellScriptBuildPhase;
			buildActionMask = 2147483647;
			files = (
			);
			inputPaths = (
				"${SRCROOT}/Pods/Target Support Files/Pods-GYTableViewController/Pods-GYTableViewController-resources.sh",
				"${PODS_ROOT}/MJRefresh/MJRefresh/MJRefresh.bundle",
			);
			name = "[CP] Copy Pods Resources";
			outputPaths = (
				"${TARGET_BUILD_DIR}/${UNLOCALIZED_RESOURCES_FOLDER_PATH}/MJRefresh.bundle",
			);
			runOnlyForDeploymentPostprocessing = 0;
			shellPath = /bin/sh;
			shellScript = "\"${SRCROOT}/Pods/Target Support Files/Pods-GYTableViewController/Pods-GYTableViewController-resources.sh\"\n";
			showEnvVarsInLog = 0;
		};
/* End PBXShellScriptBuildPhase section */

/* Begin PBXSourcesBuildPhase section */
		A9297034206F2FD50052AF0E /* Sources */ = {
			isa = PBXSourcesBuildPhase;
			buildActionMask = 2147483647;
			files = (
				A92970BA206F31CD0052AF0E /* DiyRotateRefreshHeader.m in Sources */,
				A92970B8206F31CD0052AF0E /* UICreationUtils.m in Sources */,
				A92970B9206F31CD0052AF0E /* FrameTableViewController.m in Sources */,
				A9384F9B207085FC008A3255 /* GYTableBaseView.m in Sources */,
				A92970CC206F31CD0052AF0E /* GapStoreHeaderCell.m in Sources */,
				A92970C7206F31CD0052AF0E /* StoreModel.m in Sources */,
				A9384F9F207085FC008A3255 /* GYTableViewController.m in Sources */,
				A929704B206F2FD50052AF0E /* main.m in Sources */,
				A9384F9D207085FC008A3255 /* MJRefreshComponent+GY.m in Sources */,
				A9384F9C207085FC008A3255 /* GYTableViewSection.m in Sources */,
				A92970C6206F31CD0052AF0E /* FundModel.m in Sources */,
				A92970C0206F31CD0052AF0E /* RefreshBannerViewCell.m in Sources */,
				A92970CB206F31CD0052AF0E /* GapTableViewController.m in Sources */,
				A92970BC206F31CD0052AF0E /* FrameDishesViewCell.m in Sources */,
				A92970C4206F31CD0052AF0E /* ExpressModel.m in Sources */,
				A9384FA0207085FC008A3255 /* GYTableViewCell.m in Sources */,
				A92970C8206F31CD0052AF0E /* PraiseModel.m in Sources */,
				A9384F9E207085FC008A3255 /* GYRefreshAutoFooter.m in Sources */,
				A92970B4206F31CD0052AF0E /* Config.m in Sources */,
				A92970B6206F31CD0052AF0E /* RelateTableViewController.m in Sources */,
				A92970C5206F31CD0052AF0E /* WeiboModel.m in Sources */,
				A92970BF206F31CD0052AF0E /* RefreshTableViewController.m in Sources */,
				A92970C2206F31CD0052AF0E /* DishesModel.m in Sources */,
				A92970C3206F31CD0052AF0E /* HotModel.m in Sources */,
				A92970BE206F31CD0052AF0E /* RefreshFundViewCell.m in Sources */,
				A92970C1206F31CD0052AF0E /* RefreshHotViewCell.m in Sources */,
				A92970BB206F31CD0052AF0E /* WebViewController.m in Sources */,
				A9297054206F31A40052AF0E /* MainViewController.m in Sources */,
				A92970B5206F31CD0052AF0E /* RelateExpressViewCell.m in Sources */,
				A92970CA206F31CD0052AF0E /* GapStoreViewCell.m in Sources */,
				A92970C9206F31CD0052AF0E /* GapPraiseGroupCell.m in Sources */,
				A929703D206F2FD50052AF0E /* AppDelegate.m in Sources */,
				A92970B2206F31CD0052AF0E /* AutoHeightTableViewController.m in Sources */,
				A92970B7206F31CD0052AF0E /* UIView+GY.m in Sources */,
				A92970BD206F31CD0052AF0E /* RefreshFundViewSection.m in Sources */,
				A92970B3206F31CD0052AF0E /* AutoHeightWeiboCell.m in Sources */,
			);
			runOnlyForDeploymentPostprocessing = 0;
		};
/* End PBXSourcesBuildPhase section */

/* Begin PBXVariantGroup section */
		A9297046206F2FD50052AF0E /* LaunchScreen.storyboard */ = {
			isa = PBXVariantGroup;
			children = (
				A9297047206F2FD50052AF0E /* Base */,
			);
			name = LaunchScreen.storyboard;
			sourceTree = "<group>";
		};
/* End PBXVariantGroup section */

/* Begin XCBuildConfiguration section */
		A929704C206F2FD50052AF0E /* Debug */ = {
			isa = XCBuildConfiguration;
			buildSettings = {
				ALWAYS_SEARCH_USER_PATHS = NO;
				CLANG_ALLOW_NON_MODULAR_INCLUDES_IN_FRAMEWORK_MODULES = YES;
				CLANG_ANALYZER_NONNULL = YES;
				CLANG_ANALYZER_NUMBER_OBJECT_CONVERSION = YES_AGGRESSIVE;
				CLANG_CXX_LANGUAGE_STANDARD = "gnu++14";
				CLANG_CXX_LIBRARY = "libc++";
				CLANG_ENABLE_MODULES = YES;
				CLANG_ENABLE_OBJC_ARC = YES;
				CLANG_WARN_BLOCK_CAPTURE_AUTORELEASING = YES;
				CLANG_WARN_BOOL_CONVERSION = YES;
				CLANG_WARN_COMMA = YES;
				CLANG_WARN_CONSTANT_CONVERSION = YES;
				CLANG_WARN_DIRECT_OBJC_ISA_USAGE = YES_ERROR;
				CLANG_WARN_DOCUMENTATION_COMMENTS = YES;
				CLANG_WARN_EMPTY_BODY = YES;
				CLANG_WARN_ENUM_CONVERSION = YES;
				CLANG_WARN_INFINITE_RECURSION = YES;
				CLANG_WARN_INT_CONVERSION = YES;
				CLANG_WARN_NON_LITERAL_NULL_CONVERSION = YES;
				CLANG_WARN_OBJC_LITERAL_CONVERSION = YES;
				CLANG_WARN_OBJC_ROOT_CLASS = YES_ERROR;
				CLANG_WARN_RANGE_LOOP_ANALYSIS = YES;
				CLANG_WARN_STRICT_PROTOTYPES = YES;
				CLANG_WARN_SUSPICIOUS_MOVE = YES;
				CLANG_WARN_UNGUARDED_AVAILABILITY = YES_AGGRESSIVE;
				CLANG_WARN_UNREACHABLE_CODE = YES;
				CLANG_WARN__DUPLICATE_METHOD_MATCH = YES;
				CODE_SIGN_IDENTITY = "iPhone Developer";
				COPY_PHASE_STRIP = NO;
				DEBUG_INFORMATION_FORMAT = dwarf;
				ENABLE_STRICT_OBJC_MSGSEND = YES;
				ENABLE_TESTABILITY = YES;
				GCC_C_LANGUAGE_STANDARD = gnu11;
				GCC_DYNAMIC_NO_PIC = NO;
				GCC_NO_COMMON_BLOCKS = YES;
				GCC_OPTIMIZATION_LEVEL = 0;
				GCC_PRECOMPILE_PREFIX_HEADER = YES;
				GCC_PREFIX_HEADER = GYTableViewController/PrefixHeader.pch;
				GCC_PREPROCESSOR_DEFINITIONS = (
					"DEBUG=1",
					"$(inherited)",
				);
				GCC_WARN_64_TO_32_BIT_CONVERSION = YES;
				GCC_WARN_ABOUT_RETURN_TYPE = YES_ERROR;
				GCC_WARN_UNDECLARED_SELECTOR = YES;
				GCC_WARN_UNINITIALIZED_AUTOS = YES_AGGRESSIVE;
				GCC_WARN_UNUSED_FUNCTION = YES;
				GCC_WARN_UNUSED_VARIABLE = YES;
				IPHONEOS_DEPLOYMENT_TARGET = 8.0;
				MTL_ENABLE_DEBUG_INFO = YES;
				ONLY_ACTIVE_ARCH = YES;
				SDKROOT = iphoneos;
			};
			name = Debug;
		};
		A929704D206F2FD50052AF0E /* Release */ = {
			isa = XCBuildConfiguration;
			buildSettings = {
				ALWAYS_SEARCH_USER_PATHS = NO;
				CLANG_ALLOW_NON_MODULAR_INCLUDES_IN_FRAMEWORK_MODULES = YES;
				CLANG_ANALYZER_NONNULL = YES;
				CLANG_ANALYZER_NUMBER_OBJECT_CONVERSION = YES_AGGRESSIVE;
				CLANG_CXX_LANGUAGE_STANDARD = "gnu++14";
				CLANG_CXX_LIBRARY = "libc++";
				CLANG_ENABLE_MODULES = YES;
				CLANG_ENABLE_OBJC_ARC = YES;
				CLANG_WARN_BLOCK_CAPTURE_AUTORELEASING = YES;
				CLANG_WARN_BOOL_CONVERSION = YES;
				CLANG_WARN_COMMA = YES;
				CLANG_WARN_CONSTANT_CONVERSION = YES;
				CLANG_WARN_DIRECT_OBJC_ISA_USAGE = YES_ERROR;
				CLANG_WARN_DOCUMENTATION_COMMENTS = YES;
				CLANG_WARN_EMPTY_BODY = YES;
				CLANG_WARN_ENUM_CONVERSION = YES;
				CLANG_WARN_INFINITE_RECURSION = YES;
				CLANG_WARN_INT_CONVERSION = YES;
				CLANG_WARN_NON_LITERAL_NULL_CONVERSION = YES;
				CLANG_WARN_OBJC_LITERAL_CONVERSION = YES;
				CLANG_WARN_OBJC_ROOT_CLASS = YES_ERROR;
				CLANG_WARN_RANGE_LOOP_ANALYSIS = YES;
				CLANG_WARN_STRICT_PROTOTYPES = YES;
				CLANG_WARN_SUSPICIOUS_MOVE = YES;
				CLANG_WARN_UNGUARDED_AVAILABILITY = YES_AGGRESSIVE;
				CLANG_WARN_UNREACHABLE_CODE = YES;
				CLANG_WARN__DUPLICATE_METHOD_MATCH = YES;
				CODE_SIGN_IDENTITY = "iPhone Developer";
				COPY_PHASE_STRIP = NO;
				DEBUG_INFORMATION_FORMAT = "dwarf-with-dsym";
				ENABLE_NS_ASSERTIONS = NO;
				ENABLE_STRICT_OBJC_MSGSEND = YES;
				GCC_C_LANGUAGE_STANDARD = gnu11;
				GCC_NO_COMMON_BLOCKS = YES;
				GCC_PRECOMPILE_PREFIX_HEADER = YES;
				GCC_PREFIX_HEADER = GYTableViewController/PrefixHeader.pch;
				GCC_WARN_64_TO_32_BIT_CONVERSION = YES;
				GCC_WARN_ABOUT_RETURN_TYPE = YES_ERROR;
				GCC_WARN_UNDECLARED_SELECTOR = YES;
				GCC_WARN_UNINITIALIZED_AUTOS = YES_AGGRESSIVE;
				GCC_WARN_UNUSED_FUNCTION = YES;
				GCC_WARN_UNUSED_VARIABLE = YES;
				IPHONEOS_DEPLOYMENT_TARGET = 8.0;
				MTL_ENABLE_DEBUG_INFO = NO;
				SDKROOT = iphoneos;
				VALIDATE_PRODUCT = YES;
			};
			name = Release;
		};
		A929704F206F2FD50052AF0E /* Debug */ = {
			isa = XCBuildConfiguration;
			baseConfigurationReference = E8EEDD4C6537A6D01962065B /* Pods-GYTableViewController.debug.xcconfig */;
			buildSettings = {
				ASSETCATALOG_COMPILER_APPICON_NAME = AppIcon;
				"CODE_SIGN_IDENTITY[sdk=iphoneos*]" = "iPhone Developer";
				CODE_SIGN_STYLE = Automatic;
				DEVELOPMENT_TEAM = GDF5YE97RF;
				GCC_PRECOMPILE_PREFIX_HEADER = YES;
				GCC_PREFIX_HEADER = GYTableViewController/PrefixHeader.pch;
				INFOPLIST_FILE = GYTableViewController/Info.plist;
				LD_RUNPATH_SEARCH_PATHS = "$(inherited) @executable_path/Frameworks";
				PRODUCT_BUNDLE_IDENTIFIER = com.ios.gytableview;
				PRODUCT_NAME = "$(TARGET_NAME)";
				PROVISIONING_PROFILE_SPECIFIER = "";
				TARGETED_DEVICE_FAMILY = "1,2";
			};
			name = Debug;
		};
		A9297050206F2FD50052AF0E /* Release */ = {
			isa = XCBuildConfiguration;
			baseConfigurationReference = BB0902A3C76E084E2D3480F4 /* Pods-GYTableViewController.release.xcconfig */;
			buildSettings = {
				ASSETCATALOG_COMPILER_APPICON_NAME = AppIcon;
				"CODE_SIGN_IDENTITY[sdk=iphoneos*]" = "iPhone Developer";
				CODE_SIGN_STYLE = Automatic;
				DEVELOPMENT_TEAM = GDF5YE97RF;
				GCC_PRECOMPILE_PREFIX_HEADER = YES;
				GCC_PREFIX_HEADER = GYTableViewController/PrefixHeader.pch;
				INFOPLIST_FILE = GYTableViewController/Info.plist;
				LD_RUNPATH_SEARCH_PATHS = "$(inherited) @executable_path/Frameworks";
				PRODUCT_BUNDLE_IDENTIFIER = com.ios.gytableview;
				PRODUCT_NAME = "$(TARGET_NAME)";
				PROVISIONING_PROFILE_SPECIFIER = "";
				TARGETED_DEVICE_FAMILY = "1,2";
			};
			name = Release;
		};
/* End XCBuildConfiguration section */

/* Begin XCConfigurationList section */
		A9297033206F2FD50052AF0E /* Build configuration list for PBXProject "GYTableViewController" */ = {
			isa = XCConfigurationList;
			buildConfigurations = (
				A929704C206F2FD50052AF0E /* Debug */,
				A929704D206F2FD50052AF0E /* Release */,
			);
			defaultConfigurationIsVisible = 0;
			defaultConfigurationName = Release;
		};
		A929704E206F2FD50052AF0E /* Build configuration list for PBXNativeTarget "GYTableViewController" */ = {
			isa = XCConfigurationList;
			buildConfigurations = (
				A929704F206F2FD50052AF0E /* Debug */,
				A9297050206F2FD50052AF0E /* Release */,
			);
			defaultConfigurationIsVisible = 0;
			defaultConfigurationName = Release;
		};
/* End XCConfigurationList section */
	};
	rootObject = A9297030206F2FD50052AF0E /* Project object */;
}
